// !$*UTF8*$!
{
	archiveVersion = 1;
	classes = {
	};
	objectVersion = 50;
	objects = {

/* Begin PBXBuildFile section */
		E9EBD92C2BA13C91002ED65C /* SwiftUIListasApp.swift in Sources */ = {isa = PBXBuildFile; fileRef = E9EBD92B2BA13C91002ED65C /* SwiftUIListasApp.swift */; };
		E9EBD92E2BA13C91002ED65C /* ContentView.swift in Sources */ = {isa = PBXBuildFile; fileRef = E9EBD92D2BA13C91002ED65C /* ContentView.swift */; };
		E9EBD9302BA13C97002ED65C /* Assets.xcassets in Resources */ = {isa = PBXBuildFile; fileRef = E9EBD92F2BA13C97002ED65C /* Assets.xcassets */; };
		E9EBD9332BA13C97002ED65C /* Preview Assets.xcassets in Resources */ = {isa = PBXBuildFile; fileRef = E9EBD9322BA13C97002ED65C /* Preview Assets.xcassets */; };
		E9EBD93E2BA13C97002ED65C /* SwiftUIListasTests.swift in Sources */ = {isa = PBXBuildFile; fileRef = E9EBD93D2BA13C97002ED65C /* SwiftUIListasTests.swift */; };
		E9EBD9492BA13C97002ED65C /* SwiftUIListasUITests.swift in Sources */ = {isa = PBXBuildFile; fileRef = E9EBD9482BA13C97002ED65C /* SwiftUIListasUITests.swift */; };
		E9EBD95B2BA13E49002ED65C /* Programmer.swift in Sources */ = {isa = PBXBuildFile; fileRef = E9EBD95A2BA13E49002ED65C /* Programmer.swift */; };
		E9EBD9602BA13F33002ED65C /* RowView.swift in Sources */ = {isa = PBXBuildFile; fileRef = E9EBD95F2BA13F32002ED65C /* RowView.swift */; };
		E9EBD9652BA14561002ED65C /* ListView.swift in Sources */ = {isa = PBXBuildFile; fileRef = E9EBD9642BA14561002ED65C /* ListView.swift */; };
		E9EBD96A2BA15157002ED65C /* ListDetailView.swift in Sources */ = {isa = PBXBuildFile; fileRef = E9EBD9692BA15157002ED65C /* ListDetailView.swift */; };
/* End PBXBuildFile section */

/* Begin PBXContainerItemProxy section */
		E9EBD93A2BA13C97002ED65C /* PBXContainerItemProxy */ = {
			isa = PBXContainerItemProxy;
			containerPortal = E9EBD9202BA13C91002ED65C /* Project object */;
			proxyType = 1;
			remoteGlobalIDString = E9EBD9272BA13C91002ED65C;
			remoteInfo = SwiftUIListas;
		};
		E9EBD9452BA13C97002ED65C /* PBXContainerItemProxy */ = {
			isa = PBXContainerItemProxy;
			containerPortal = E9EBD9202BA13C91002ED65C /* Project object */;
			proxyType = 1;
			remoteGlobalIDString = E9EBD9272BA13C91002ED65C;
			remoteInfo = SwiftUIListas;
		};
/* End PBXContainerItemProxy section */

/* Begin PBXFileReference section */
		E9EBD9282BA13C91002ED65C /* SwiftUIListas.app */ = {isa = PBXFileReference; explicitFileType = wrapper.application; includeInIndex = 0; path = SwiftUIListas.app; sourceTree = BUILT_PRODUCTS_DIR; };
		E9EBD92B2BA13C91002ED65C /* SwiftUIListasApp.swift */ = {isa = PBXFileReference; lastKnownFileType = sourcecode.swift; path = SwiftUIListasApp.swift; sourceTree = "<group>"; };
		E9EBD92D2BA13C91002ED65C /* ContentView.swift */ = {isa = PBXFileReference; lastKnownFileType = sourcecode.swift; path = ContentView.swift; sourceTree = "<group>"; };
		E9EBD92F2BA13C97002ED65C /* Assets.xcassets */ = {isa = PBXFileReference; lastKnownFileType = folder.assetcatalog; path = Assets.xcassets; sourceTree = "<group>"; };
		E9EBD9322BA13C97002ED65C /* Preview Assets.xcassets */ = {isa = PBXFileReference; lastKnownFileType = folder.assetcatalog; path = "Preview Assets.xcassets"; sourceTree = "<group>"; };
		E9EBD9342BA13C97002ED65C /* Info.plist */ = {isa = PBXFileReference; lastKnownFileType = text.plist.xml; path = Info.plist; sourceTree = "<group>"; };
		E9EBD9392BA13C97002ED65C /* SwiftUIListasTests.xctest */ = {isa = PBXFileReference; explicitFileType = wrapper.cfbundle; includeInIndex = 0; path = SwiftUIListasTests.xctest; sourceTree = BUILT_PRODUCTS_DIR; };
		E9EBD93D2BA13C97002ED65C /* SwiftUIListasTests.swift */ = {isa = PBXFileReference; lastKnownFileType = sourcecode.swift; path = SwiftUIListasTests.swift; sourceTree = "<group>"; };
		E9EBD93F2BA13C97002ED65C /* Info.plist */ = {isa = PBXFileReference; lastKnownFileType = text.plist.xml; path = Info.plist; sourceTree = "<group>"; };
		E9EBD9442BA13C97002ED65C /* SwiftUIListasUITests.xctest */ = {isa = PBXFileReference; explicitFileType = wrapper.cfbundle; includeInIndex = 0; path = SwiftUIListasUITests.xctest; sourceTree = BUILT_PRODUCTS_DIR; };
		E9EBD9482BA13C97002ED65C /* SwiftUIListasUITests.swift */ = {isa = PBXFileReference; lastKnownFileType = sourcecode.swift; path = SwiftUIListasUITests.swift; sourceTree = "<group>"; };
		E9EBD94A2BA13C97002ED65C /* Info.plist */ = {isa = PBXFileReference; lastKnownFileType = text.plist.xml; path = Info.plist; sourceTree = "<group>"; };
		E9EBD95A2BA13E49002ED65C /* Programmer.swift */ = {isa = PBXFileReference; lastKnownFileType = sourcecode.swift; path = Programmer.swift; sourceTree = "<group>"; };
		E9EBD95F2BA13F32002ED65C /* RowView.swift */ = {isa = PBXFileReference; lastKnownFileType = sourcecode.swift; path = RowView.swift; sourceTree = "<group>"; };
		E9EBD9642BA14561002ED65C /* ListView.swift */ = {isa = PBXFileReference; lastKnownFileType = sourcecode.swift; path = ListView.swift; sourceTree = "<group>"; };
		E9EBD9692BA15157002ED65C /* ListDetailView.swift */ = {isa = PBXFileReference; lastKnownFileType = sourcecode.swift; path = ListDetailView.swift; sourceTree = "<group>"; };
/* End PBXFileReference section */

/* Begin PBXFrameworksBuildPhase section */
		E9EBD9252BA13C91002ED65C /* Frameworks */ = {
			isa = PBXFrameworksBuildPhase;
			buildActionMask = 2147483647;
			files = (
			);
			runOnlyForDeploymentPostprocessing = 0;
		};
		E9EBD9362BA13C97002ED65C /* Frameworks */ = {
			isa = PBXFrameworksBuildPhase;
			buildActionMask = 2147483647;
			files = (
			);
			runOnlyForDeploymentPostprocessing = 0;
		};
		E9EBD9412BA13C97002ED65C /* Frameworks */ = {
			isa = PBXFrameworksBuildPhase;
			buildActionMask = 2147483647;
			files = (
			);
			runOnlyForDeploymentPostprocessing = 0;
		};
/* End PBXFrameworksBuildPhase section */

/* Begin PBXGroup section */
		E9CD63032BA2BA93002DE8F0 /* PropertyWrappers */ = {
			isa = PBXGroup;
			children = (
			);
			path = PropertyWrappers;
			sourceTree = "<group>";
		};
		E9EBD91F2BA13C91002ED65C = {
			isa = PBXGroup;
			children = (
				E9EBD92A2BA13C91002ED65C /* SwiftUIListas */,
				E9EBD93C2BA13C97002ED65C /* SwiftUIListasTests */,
				E9EBD9472BA13C97002ED65C /* SwiftUIListasUITests */,
				E9EBD9292BA13C91002ED65C /* Products */,
			);
			sourceTree = "<group>";
		};
		E9EBD9292BA13C91002ED65C /* Products */ = {
			isa = PBXGroup;
			children = (
				E9EBD9282BA13C91002ED65C /* SwiftUIListas.app */,
				E9EBD9392BA13C97002ED65C /* SwiftUIListasTests.xctest */,
				E9EBD9442BA13C97002ED65C /* SwiftUIListasUITests.xctest */,
			);
			name = Products;
			sourceTree = "<group>";
		};
		E9EBD92A2BA13C91002ED65C /* SwiftUIListas */ = {
			isa = PBXGroup;
			children = (
				E9CD63032BA2BA93002DE8F0 /* PropertyWrappers */,
				E9EBD9592BA13D84002ED65C /* Data */,
				E9EBD92B2BA13C91002ED65C /* SwiftUIListasApp.swift */,
				E9EBD92D2BA13C91002ED65C /* ContentView.swift */,
				E9EBD92F2BA13C97002ED65C /* Assets.xcassets */,
				E9EBD9342BA13C97002ED65C /* Info.plist */,
				E9EBD9312BA13C97002ED65C /* Preview Content */,
				E9EBD95F2BA13F32002ED65C /* RowView.swift */,
				E9EBD9642BA14561002ED65C /* ListView.swift */,
				E9EBD9692BA15157002ED65C /* ListDetailView.swift */,
			);
			path = SwiftUIListas;
			sourceTree = "<group>";
		};
		E9EBD9312BA13C97002ED65C /* Preview Content */ = {
			isa = PBXGroup;
			children = (
				E9EBD9322BA13C97002ED65C /* Preview Assets.xcassets */,
			);
			path = "Preview Content";
			sourceTree = "<group>";
		};
		E9EBD93C2BA13C97002ED65C /* SwiftUIListasTests */ = {
			isa = PBXGroup;
			children = (
				E9EBD93D2BA13C97002ED65C /* SwiftUIListasTests.swift */,
				E9EBD93F2BA13C97002ED65C /* Info.plist */,
			);
			path = SwiftUIListasTests;
			sourceTree = "<group>";
		};
		E9EBD9472BA13C97002ED65C /* SwiftUIListasUITests */ = {
			isa = PBXGroup;
			children = (
				E9EBD9482BA13C97002ED65C /* SwiftUIListasUITests.swift */,
				E9EBD94A2BA13C97002ED65C /* Info.plist */,
			);
			path = SwiftUIListasUITests;
			sourceTree = "<group>";
		};
		E9EBD9592BA13D84002ED65C /* Data */ = {
			isa = PBXGroup;
			children = (
				E9EBD95A2BA13E49002ED65C /* Programmer.swift */,
			);
			path = Data;
			sourceTree = "<group>";
		};
/* End PBXGroup section */

/* Begin PBXNativeTarget section */
		E9EBD9272BA13C91002ED65C /* SwiftUIListas */ = {
			isa = PBXNativeTarget;
			buildConfigurationList = E9EBD94D2BA13C97002ED65C /* Build configuration list for PBXNativeTarget "SwiftUIListas" */;
			buildPhases = (
				E9EBD9242BA13C91002ED65C /* Sources */,
				E9EBD9252BA13C91002ED65C /* Frameworks */,
				E9EBD9262BA13C91002ED65C /* Resources */,
			);
			buildRules = (
			);
			dependencies = (
			);
			name = SwiftUIListas;
			productName = SwiftUIListas;
			productReference = E9EBD9282BA13C91002ED65C /* SwiftUIListas.app */;
			productType = "com.apple.product-type.application";
		};
		E9EBD9382BA13C97002ED65C /* SwiftUIListasTests */ = {
			isa = PBXNativeTarget;
			buildConfigurationList = E9EBD9502BA13C97002ED65C /* Build configuration list for PBXNativeTarget "SwiftUIListasTests" */;
			buildPhases = (
				E9EBD9352BA13C97002ED65C /* Sources */,
				E9EBD9362BA13C97002ED65C /* Frameworks */,
				E9EBD9372BA13C97002ED65C /* Resources */,
			);
			buildRules = (
			);
			dependencies = (
				E9EBD93B2BA13C97002ED65C /* PBXTargetDependency */,
			);
			name = SwiftUIListasTests;
			productName = SwiftUIListasTests;
			productReference = E9EBD9392BA13C97002ED65C /* SwiftUIListasTests.xctest */;
			productType = "com.apple.product-type.bundle.unit-test";
		};
		E9EBD9432BA13C97002ED65C /* SwiftUIListasUITests */ = {
			isa = PBXNativeTarget;
			buildConfigurationList = E9EBD9532BA13C97002ED65C /* Build configuration list for PBXNativeTarget "SwiftUIListasUITests" */;
			buildPhases = (
				E9EBD9402BA13C97002ED65C /* Sources */,
				E9EBD9412BA13C97002ED65C /* Frameworks */,
				E9EBD9422BA13C97002ED65C /* Resources */,
			);
			buildRules = (
			);
			dependencies = (
				E9EBD9462BA13C97002ED65C /* PBXTargetDependency */,
			);
			name = SwiftUIListasUITests;
			productName = SwiftUIListasUITests;
			productReference = E9EBD9442BA13C97002ED65C /* SwiftUIListasUITests.xctest */;
			productType = "com.apple.product-type.bundle.ui-testing";
		};
/* End PBXNativeTarget section */

/* Begin PBXProject section */
		E9EBD9202BA13C91002ED65C /* Project object */ = {
			isa = PBXProject;
			attributes = {
				LastSwiftUpdateCheck = 1200;
				LastUpgradeCheck = 1200;
				TargetAttributes = {
					E9EBD9272BA13C91002ED65C = {
						CreatedOnToolsVersion = 12.0;
					};
					E9EBD9382BA13C97002ED65C = {
						CreatedOnToolsVersion = 12.0;
						TestTargetID = E9EBD9272BA13C91002ED65C;
					};
					E9EBD9432BA13C97002ED65C = {
						CreatedOnToolsVersion = 12.0;
						TestTargetID = E9EBD9272BA13C91002ED65C;
					};
				};
			};
			buildConfigurationList = E9EBD9232BA13C91002ED65C /* Build configuration list for PBXProject "SwiftUIListas" */;
			compatibilityVersion = "Xcode 9.3";
			developmentRegion = en;
			hasScannedForEncodings = 0;
			knownRegions = (
				en,
				Base,
			);
			mainGroup = E9EBD91F2BA13C91002ED65C;
			productRefGroup = E9EBD9292BA13C91002ED65C /* Products */;
			projectDirPath = "";
			projectRoot = "";
			targets = (
				E9EBD9272BA13C91002ED65C /* SwiftUIListas */,
				E9EBD9382BA13C97002ED65C /* SwiftUIListasTests */,
				E9EBD9432BA13C97002ED65C /* SwiftUIListasUITests */,
			);
		};
/* End PBXProject section */

/* Begin PBXResourcesBuildPhase section */
		E9EBD9262BA13C91002ED65C /* Resources */ = {
			isa = PBXResourcesBuildPhase;
			buildActionMask = 2147483647;
			files = (
				E9EBD9332BA13C97002ED65C /* Preview Assets.xcassets in Resources */,
				E9EBD9302BA13C97002ED65C /* Assets.xcassets in Resources */,
			);
			runOnlyForDeploymentPostprocessing = 0;
		};
		E9EBD9372BA13C97002ED65C /* Resources */ = {
			isa = PBXResourcesBuildPhase;
			buildActionMask = 2147483647;
			files = (
			);
			runOnlyForDeploymentPostprocessing = 0;
		};
		E9EBD9422BA13C97002ED65C /* Resources */ = {
			isa = PBXResourcesBuildPhase;
			buildActionMask = 2147483647;
			files = (
			);
			runOnlyForDeploymentPostprocessing = 0;
		};
/* End PBXResourcesBuildPhase section */

/* Begin PBXSourcesBuildPhase section */
		E9EBD9242BA13C91002ED65C /* Sources */ = {
			isa = PBXSourcesBuildPhase;
			buildActionMask = 2147483647;
			files = (
				E9EBD92E2BA13C91002ED65C /* ContentView.swift in Sources */,
				E9EBD95B2BA13E49002ED65C /* Programmer.swift in Sources */,
				E9EBD9652BA14561002ED65C /* ListView.swift in Sources */,
				E9EBD96A2BA15157002ED65C /* ListDetailView.swift in Sources */,
				E9EBD92C2BA13C91002ED65C /* SwiftUIListasApp.swift in Sources */,
				E9EBD9602BA13F33002ED65C /* RowView.swift in Sources */,
			);
			runOnlyForDeploymentPostprocessing = 0;
		};
		E9EBD9352BA13C97002ED65C /* Sources */ = {
			isa = PBXSourcesBuildPhase;
			buildActionMask = 2147483647;
			files = (
				E9EBD93E2BA13C97002ED65C /* SwiftUIListasTests.swift in Sources */,
			);
			runOnlyForDeploymentPostprocessing = 0;
		};
		E9EBD9402BA13C97002ED65C /* Sources */ = {
			isa = PBXSourcesBuildPhase;
			buildActionMask = 2147483647;
			files = (
				E9EBD9492BA13C97002ED65C /* SwiftUIListasUITests.swift in Sources */,
			);
			runOnlyForDeploymentPostprocessing = 0;
		};
/* End PBXSourcesBuildPhase section */

/* Begin PBXTargetDependency section */
		E9EBD93B2BA13C97002ED65C /* PBXTargetDependency */ = {
			isa = PBXTargetDependency;
			target = E9EBD9272BA13C91002ED65C /* SwiftUIListas */;
			targetProxy = E9EBD93A2BA13C97002ED65C /* PBXContainerItemProxy */;
		};
		E9EBD9462BA13C97002ED65C /* PBXTargetDependency */ = {
			isa = PBXTargetDependency;
			target = E9EBD9272BA13C91002ED65C /* SwiftUIListas */;
			targetProxy = E9EBD9452BA13C97002ED65C /* PBXContainerItemProxy */;
		};
/* End PBXTargetDependency section */

/* Begin XCBuildConfiguration section */
		E9EBD94B2BA13C97002ED65C /* Debug */ = {
			isa = XCBuildConfiguration;
			buildSettings = {
				ALWAYS_SEARCH_USER_PATHS = NO;
				CLANG_ANALYZER_NONNULL = YES;
				CLANG_ANALYZER_NUMBER_OBJECT_CONVERSION = YES_AGGRESSIVE;
				CLANG_CXX_LANGUAGE_STANDARD = "gnu++14";
				CLANG_CXX_LIBRARY = "libc++";
				CLANG_ENABLE_MODULES = YES;
				CLANG_ENABLE_OBJC_ARC = YES;
				CLANG_ENABLE_OBJC_WEAK = YES;
				CLANG_WARN_BLOCK_CAPTURE_AUTORELEASING = YES;
				CLANG_WARN_BOOL_CONVERSION = YES;
				CLANG_WARN_COMMA = YES;
				CLANG_WARN_CONSTANT_CONVERSION = YES;
				CLANG_WARN_DEPRECATED_OBJC_IMPLEMENTATIONS = YES;
				CLANG_WARN_DIRECT_OBJC_ISA_USAGE = YES_ERROR;
				CLANG_WARN_DOCUMENTATION_COMMENTS = YES;
				CLANG_WARN_EMPTY_BODY = YES;
				CLANG_WARN_ENUM_CONVERSION = YES;
				CLANG_WARN_INFINITE_RECURSION = YES;
				CLANG_WARN_INT_CONVERSION = YES;
				CLANG_WARN_NON_LITERAL_NULL_CONVERSION = YES;
				CLANG_WARN_OBJC_IMPLICIT_RETAIN_SELF = YES;
				CLANG_WARN_OBJC_LITERAL_CONVERSION = YES;
				CLANG_WARN_OBJC_ROOT_CLASS = YES_ERROR;
				CLANG_WARN_QUOTED_INCLUDE_IN_FRAMEWORK_HEADER = YES;
				CLANG_WARN_RANGE_LOOP_ANALYSIS = YES;
				CLANG_WARN_STRICT_PROTOTYPES = YES;
				CLANG_WARN_SUSPICIOUS_MOVE = YES;
				CLANG_WARN_UNGUARDED_AVAILABILITY = YES_AGGRESSIVE;
				CLANG_WARN_UNREACHABLE_CODE = YES;
				CLANG_WARN__DUPLICATE_METHOD_MATCH = YES;
				COPY_PHASE_STRIP = NO;
				DEBUG_INFORMATION_FORMAT = dwarf;
				ENABLE_STRICT_OBJC_MSGSEND = YES;
				ENABLE_TESTABILITY = YES;
				GCC_C_LANGUAGE_STANDARD = gnu11;
				GCC_DYNAMIC_NO_PIC = NO;
				GCC_NO_COMMON_BLOCKS = YES;
				GCC_OPTIMIZATION_LEVEL = 0;
				GCC_PREPROCESSOR_DEFINITIONS = (
					"DEBUG=1",
					"$(inherited)",
				);
				GCC_WARN_64_TO_32_BIT_CONVERSION = YES;
				GCC_WARN_ABOUT_RETURN_TYPE = YES_ERROR;
				GCC_WARN_UNDECLARED_SELECTOR = YES;
				GCC_WARN_UNINITIALIZED_AUTOS = YES_AGGRESSIVE;
				GCC_WARN_UNUSED_FUNCTION = YES;
				GCC_WARN_UNUSED_VARIABLE = YES;
				IPHONEOS_DEPLOYMENT_TARGET = 14.0;
				MTL_ENABLE_DEBUG_INFO = INCLUDE_SOURCE;
				MTL_FAST_MATH = YES;
				ONLY_ACTIVE_ARCH = YES;
				SDKROOT = iphoneos;
				SWIFT_ACTIVE_COMPILATION_CONDITIONS = DEBUG;
				SWIFT_OPTIMIZATION_LEVEL = "-Onone";
			};
			name = Debug;
		};
		E9EBD94C2BA13C97002ED65C /* Release */ = {
			isa = XCBuildConfiguration;
			buildSettings = {
				ALWAYS_SEARCH_USER_PATHS = NO;
				CLANG_ANALYZER_NONNULL = YES;
				CLANG_ANALYZER_NUMBER_OBJECT_CONVERSION = YES_AGGRESSIVE;
				CLANG_CXX_LANGUAGE_STANDARD = "gnu++14";
				CLANG_CXX_LIBRARY = "libc++";
				CLANG_ENABLE_MODULES = YES;
				CLANG_ENABLE_OBJC_ARC = YES;
				CLANG_ENABLE_OBJC_WEAK = YES;
				CLANG_WARN_BLOCK_CAPTURE_AUTORELEASING = YES;
				CLANG_WARN_BOOL_CONVERSION = YES;
				CLANG_WARN_COMMA = YES;
				CLANG_WARN_CONSTANT_CONVERSION = YES;
				CLANG_WARN_DEPRECATED_OBJC_IMPLEMENTATIONS = YES;
				CLANG_WARN_DIRECT_OBJC_ISA_USAGE = YES_ERROR;
				CLANG_WARN_DOCUMENTATION_COMMENTS = YES;
				CLANG_WARN_EMPTY_BODY = YES;
				CLANG_WARN_ENUM_CONVERSION = YES;
				CLANG_WARN_INFINITE_RECURSION = YES;
				CLANG_WARN_INT_CONVERSION = YES;
				CLANG_WARN_NON_LITERAL_NULL_CONVERSION = YES;
				CLANG_WARN_OBJC_IMPLICIT_RETAIN_SELF = YES;
				CLANG_WARN_OBJC_LITERAL_CONVERSION = YES;
				CLANG_WARN_OBJC_ROOT_CLASS = YES_ERROR;
				CLANG_WARN_QUOTED_INCLUDE_IN_FRAMEWORK_HEADER = YES;
				CLANG_WARN_RANGE_LOOP_ANALYSIS = YES;
				CLANG_WARN_STRICT_PROTOTYPES = YES;
				CLANG_WARN_SUSPICIOUS_MOVE = YES;
				CLANG_WARN_UNGUARDED_AVAILABILITY = YES_AGGRESSIVE;
				CLANG_WARN_UNREACHABLE_CODE = YES;
				CLANG_WARN__DUPLICATE_METHOD_MATCH = YES;
				COPY_PHASE_STRIP = NO;
				DEBUG_INFORMATION_FORMAT = "dwarf-with-dsym";
				ENABLE_NS_ASSERTIONS = NO;
				ENABLE_STRICT_OBJC_MSGSEND = YES;
				GCC_C_LANGUAGE_STANDARD = gnu11;
				GCC_NO_COMMON_BLOCKS = YES;
				GCC_WARN_64_TO_32_BIT_CONVERSION = YES;
				GCC_WARN_ABOUT_RETURN_TYPE = YES_ERROR;
				GCC_WARN_UNDECLARED_SELECTOR = YES;
				GCC_WARN_UNINITIALIZED_AUTOS = YES_AGGRESSIVE;
				GCC_WARN_UNUSED_FUNCTION = YES;
				GCC_WARN_UNUSED_VARIABLE = YES;
				IPHONEOS_DEPLOYMENT_TARGET = 14.0;
				MTL_ENABLE_DEBUG_INFO = NO;
				MTL_FAST_MATH = YES;
				SDKROOT = iphoneos;
				SWIFT_COMPILATION_MODE = wholemodule;
				SWIFT_OPTIMIZATION_LEVEL = "-O";
				VALIDATE_PRODUCT = YES;
			};
			name = Release;
		};
		E9EBD94E2BA13C97002ED65C /* Debug */ = {
			isa = XCBuildConfiguration;
			buildSettings = {
				ASSETCATALOG_COMPILER_APPICON_NAME = AppIcon;
				ASSETCATALOG_COMPILER_GLOBAL_ACCENT_COLOR_NAME = AccentColor;
				CODE_SIGN_STYLE = Automatic;
				DEVELOPMENT_ASSET_PATHS = "\"SwiftUIListas/Preview Content\"";
				ENABLE_PREVIEWS = YES;
				INFOPLIST_FILE = SwiftUIListas/Info.plist;
				IPHONEOS_DEPLOYMENT_TARGET = 14.0;
				LD_RUNPATH_SEARCH_PATHS = (
					"$(inherited)",
					"@executable_path/Frameworks",
				);
				PRODUCT_BUNDLE_IDENTIFIER = com.fernandocuatro.SwiftUIListas;
				PRODUCT_NAME = "$(TARGET_NAME)";
				SWIFT_VERSION = 5.0;
				TARGETED_DEVICE_FAMILY = "1,2";
			};
			name = Debug;
		};
		E9EBD94F2BA13C97002ED65C /* Release */ = {
			isa = XCBuildConfiguration;
			buildSettings = {
				ASSETCATALOG_COMPILER_APPICON_NAME = AppIcon;
				ASSETCATALOG_COMPILER_GLOBAL_ACCENT_COLOR_NAME = AccentColor;
				CODE_SIGN_STYLE = Automatic;
				DEVELOPMENT_ASSET_PATHS = "\"SwiftUIListas/Preview Content\"";
				ENABLE_PREVIEWS = YES;
				INFOPLIST_FILE = SwiftUIListas/Info.plist;
				IPHONEOS_DEPLOYMENT_TARGET = 14.0;
				LD_RUNPATH_SEARCH_PATHS = (
					"$(inherited)",
					"@executable_path/Frameworks",
				);
				PRODUCT_BUNDLE_IDENTIFIER = com.fernandocuatro.SwiftUIListas;
				PRODUCT_NAME = "$(TARGET_NAME)";
				SWIFT_VERSION = 5.0;
				TARGETED_DEVICE_FAMILY = "1,2";
			};
			name = Release;
		};
		E9EBD9512BA13C97002ED65C /* Debug */ = {
			isa = XCBuildConfiguration;
			buildSettings = {
				ALWAYS_EMBED_SWIFT_STANDARD_LIBRARIES = YES;
				BUNDLE_LOADER = "$(TEST_HOST)";
				CODE_SIGN_STYLE = Automatic;
				INFOPLIST_FILE = SwiftUIListasTests/Info.plist;
				IPHONEOS_DEPLOYMENT_TARGET = 14.0;
				LD_RUNPATH_SEARCH_PATHS = (
					"$(inherited)",
					"@executable_path/Frameworks",
					"@loader_path/Frameworks",
				);
				PRODUCT_BUNDLE_IDENTIFIER = com.fernandocuatro.SwiftUIListasTests;
				PRODUCT_NAME = "$(TARGET_NAME)";
				SWIFT_VERSION = 5.0;
				TARGETED_DEVICE_FAMILY = "1,2";
				TEST_HOST = "$(BUILT_PRODUCTS_DIR)/SwiftUIListas.app/SwiftUIListas";
			};
			name = Debug;
		};
		E9EBD9522BA13C97002ED65C /* Release */ = {
			isa = XCBuildConfiguration;
			buildSettings = {
				ALWAYS_EMBED_SWIFT_STANDARD_LIBRARIES = YES;
				BUNDLE_LOADER = "$(TEST_HOST)";
				CODE_SIGN_STYLE = Automatic;
				INFOPLIST_FILE = SwiftUIListasTests/Info.plist;
				IPHONEOS_DEPLOYMENT_TARGET = 14.0;
				LD_RUNPATH_SEARCH_PATHS = (
					"$(inherited)",
					"@executable_path/Frameworks",
					"@loader_path/Frameworks",
				);
				PRODUCT_BUNDLE_IDENTIFIER = com.fernandocuatro.SwiftUIListasTests;
				PRODUCT_NAME = "$(TARGET_NAME)";
				SWIFT_VERSION = 5.0;
				TARGETED_DEVICE_FAMILY = "1,2";
				TEST_HOST = "$(BUILT_PRODUCTS_DIR)/SwiftUIListas.app/SwiftUIListas";
			};
			name = Release;
		};
		E9EBD9542BA13C97002ED65C /* Debug */ = {
			isa = XCBuildConfiguration;
			buildSettings = {
				ALWAYS_EMBED_SWIFT_STANDARD_LIBRARIES = YES;
				CODE_SIGN_STYLE = Automatic;
				INFOPLIST_FILE = SwiftUIListasUITests/Info.plist;
				LD_RUNPATH_SEARCH_PATHS = (
					"$(inherited)",
					"@executable_path/Frameworks",
					"@loader_path/Frameworks",
				);
				PRODUCT_BUNDLE_IDENTIFIER = com.fernandocuatro.SwiftUIListasUITests;
				PRODUCT_NAME = "$(TARGET_NAME)";
				SWIFT_VERSION = 5.0;
				TARGETED_DEVICE_FAMILY = "1,2";
				TEST_TARGET_NAME = SwiftUIListas;
			};
			name = Debug;
		};
		E9EBD9552BA13C97002ED65C /* Release */ = {
			isa = XCBuildConfiguration;
			buildSettings = {
				ALWAYS_EMBED_SWIFT_STANDARD_LIBRARIES = YES;
				CODE_SIGN_STYLE = Automatic;
				INFOPLIST_FILE = SwiftUIListasUITests/Info.plist;
				LD_RUNPATH_SEARCH_PATHS = (
					"$(inherited)",
					"@executable_path/Frameworks",
					"@loader_path/Frameworks",
				);
				PRODUCT_BUNDLE_IDENTIFIER = com.fernandocuatro.SwiftUIListasUITests;
				PRODUCT_NAME = "$(TARGET_NAME)";
				SWIFT_VERSION = 5.0;
				TARGETED_DEVICE_FAMILY = "1,2";
				TEST_TARGET_NAME = SwiftUIListas;
			};
			name = Release;
		};
/* End XCBuildConfiguration section */

/* Begin XCConfigurationList section */
		E9EBD9232BA13C91002ED65C /* Build configuration list for PBXProject "SwiftUIListas" */ = {
			isa = XCConfigurationList;
			buildConfigurations = (
				E9EBD94B2BA13C97002ED65C /* Debug */,
				E9EBD94C2BA13C97002ED65C /* Release */,
			);
			defaultConfigurationIsVisible = 0;
			defaultConfigurationName = Release;
		};
		E9EBD94D2BA13C97002ED65C /* Build configuration list for PBXNativeTarget "SwiftUIListas" */ = {
			isa = XCConfigurationList;
			buildConfigurations = (
				E9EBD94E2BA13C97002ED65C /* Debug */,
				E9EBD94F2BA13C97002ED65C /* Release */,
			);
			defaultConfigurationIsVisible = 0;
			defaultConfigurationName = Release;
		};
		E9EBD9502BA13C97002ED65C /* Build configuration list for PBXNativeTarget "SwiftUIListasTests" */ = {
			isa = XCConfigurationList;
			buildConfigurations = (
				E9EBD9512BA13C97002ED65C /* Debug */,
				E9EBD9522BA13C97002ED65C /* Release */,
			);
			defaultConfigurationIsVisible = 0;
			defaultConfigurationName = Release;
		};
		E9EBD9532BA13C97002ED65C /* Build configuration list for PBXNativeTarget "SwiftUIListasUITests" */ = {
			isa = XCConfigurationList;
			buildConfigurations = (
				E9EBD9542BA13C97002ED65C /* Debug */,
				E9EBD9552BA13C97002ED65C /* Release */,
			);
			defaultConfigurationIsVisible = 0;
			defaultConfigurationName = Release;
		};
/* End XCConfigurationList section */
	};
	rootObject = E9EBD9202BA13C91002ED65C /* Project object */;
}
