// !$*UTF8*$!
{
	archiveVersion = 1;
	classes = {
	};
	objectVersion = 50;
	objects = {

/* Begin PBXBuildFile section */
		E975D6C22B9437F300101607 /* SwiftUIFrameworkApp.swift in Sources */ = {isa = PBXBuildFile; fileRef = E975D6C12B9437F300101607 /* SwiftUIFrameworkApp.swift */; };
		E975D6C42B9437F300101607 /* ContentView.swift in Sources */ = {isa = PBXBuildFile; fileRef = E975D6C32B9437F300101607 /* ContentView.swift */; };
		E975D6C62B9437F600101607 /* Assets.xcassets in Resources */ = {isa = PBXBuildFile; fileRef = E975D6C52B9437F600101607 /* Assets.xcassets */; };
		E975D6C92B9437F600101607 /* Preview Assets.xcassets in Resources */ = {isa = PBXBuildFile; fileRef = E975D6C82B9437F600101607 /* Preview Assets.xcassets */; };
		E975D6D42B9437F600101607 /* SwiftUIFrameworkTests.swift in Sources */ = {isa = PBXBuildFile; fileRef = E975D6D32B9437F600101607 /* SwiftUIFrameworkTests.swift */; };
		E975D6DF2B9437F600101607 /* SwiftUIFrameworkUITests.swift in Sources */ = {isa = PBXBuildFile; fileRef = E975D6DE2B9437F600101607 /* SwiftUIFrameworkUITests.swift */; };
		E9BA9AB02B96DEF700E793D9 /* ImageView.swift in Sources */ = {isa = PBXBuildFile; fileRef = E9BA9AAF2B96DEF700E793D9 /* ImageView.swift */; };
		E9EBD9132BA133E3002ED65C /* MainView.swift in Sources */ = {isa = PBXBuildFile; fileRef = E9EBD9122BA133E3002ED65C /* MainView.swift */; };
		E9EBD9182BA134B2002ED65C /* MapView.swift in Sources */ = {isa = PBXBuildFile; fileRef = E9EBD9172BA134B2002ED65C /* MapView.swift */; };
/* End PBXBuildFile section */

/* Begin PBXContainerItemProxy section */
		E975D6D02B9437F600101607 /* PBXContainerItemProxy */ = {
			isa = PBXContainerItemProxy;
			containerPortal = E975D6B62B9437F200101607 /* Project object */;
			proxyType = 1;
			remoteGlobalIDString = E975D6BD2B9437F200101607;
			remoteInfo = SwiftUIFramework;
		};
		E975D6DB2B9437F600101607 /* PBXContainerItemProxy */ = {
			isa = PBXContainerItemProxy;
			containerPortal = E975D6B62B9437F200101607 /* Project object */;
			proxyType = 1;
			remoteGlobalIDString = E975D6BD2B9437F200101607;
			remoteInfo = SwiftUIFramework;
		};
/* End PBXContainerItemProxy section */

/* Begin PBXFileReference section */
		E975D6BE2B9437F200101607 /* SwiftUIFramework.app */ = {isa = PBXFileReference; explicitFileType = wrapper.application; includeInIndex = 0; path = SwiftUIFramework.app; sourceTree = BUILT_PRODUCTS_DIR; };
		E975D6C12B9437F300101607 /* SwiftUIFrameworkApp.swift */ = {isa = PBXFileReference; lastKnownFileType = sourcecode.swift; path = SwiftUIFrameworkApp.swift; sourceTree = "<group>"; };
		E975D6C32B9437F300101607 /* ContentView.swift */ = {isa = PBXFileReference; lastKnownFileType = sourcecode.swift; path = ContentView.swift; sourceTree = "<group>"; };
		E975D6C52B9437F600101607 /* Assets.xcassets */ = {isa = PBXFileReference; lastKnownFileType = folder.assetcatalog; path = Assets.xcassets; sourceTree = "<group>"; };
		E975D6C82B9437F600101607 /* Preview Assets.xcassets */ = {isa = PBXFileReference; lastKnownFileType = folder.assetcatalog; path = "Preview Assets.xcassets"; sourceTree = "<group>"; };
		E975D6CA2B9437F600101607 /* Info.plist */ = {isa = PBXFileReference; lastKnownFileType = text.plist.xml; path = Info.plist; sourceTree = "<group>"; };
		E975D6CF2B9437F600101607 /* SwiftUIFrameworkTests.xctest */ = {isa = PBXFileReference; explicitFileType = wrapper.cfbundle; includeInIndex = 0; path = SwiftUIFrameworkTests.xctest; sourceTree = BUILT_PRODUCTS_DIR; };
		E975D6D32B9437F600101607 /* SwiftUIFrameworkTests.swift */ = {isa = PBXFileReference; lastKnownFileType = sourcecode.swift; path = SwiftUIFrameworkTests.swift; sourceTree = "<group>"; };
		E975D6D52B9437F600101607 /* Info.plist */ = {isa = PBXFileReference; lastKnownFileType = text.plist.xml; path = Info.plist; sourceTree = "<group>"; };
		E975D6DA2B9437F600101607 /* SwiftUIFrameworkUITests.xctest */ = {isa = PBXFileReference; explicitFileType = wrapper.cfbundle; includeInIndex = 0; path = SwiftUIFrameworkUITests.xctest; sourceTree = BUILT_PRODUCTS_DIR; };
		E975D6DE2B9437F600101607 /* SwiftUIFrameworkUITests.swift */ = {isa = PBXFileReference; lastKnownFileType = sourcecode.swift; path = SwiftUIFrameworkUITests.swift; sourceTree = "<group>"; };
		E975D6E02B9437F600101607 /* Info.plist */ = {isa = PBXFileReference; lastKnownFileType = text.plist.xml; path = Info.plist; sourceTree = "<group>"; };
		E9BA9AAF2B96DEF700E793D9 /* ImageView.swift */ = {isa = PBXFileReference; lastKnownFileType = sourcecode.swift; path = ImageView.swift; sourceTree = "<group>"; };
		E9EBD9122BA133E3002ED65C /* MainView.swift */ = {isa = PBXFileReference; lastKnownFileType = sourcecode.swift; path = MainView.swift; sourceTree = "<group>"; };
		E9EBD9172BA134B2002ED65C /* MapView.swift */ = {isa = PBXFileReference; lastKnownFileType = sourcecode.swift; path = MapView.swift; sourceTree = "<group>"; };
/* End PBXFileReference section */

/* Begin PBXFrameworksBuildPhase section */
		E975D6BB2B9437F200101607 /* Frameworks */ = {
			isa = PBXFrameworksBuildPhase;
			buildActionMask = 2147483647;
			files = (
			);
			runOnlyForDeploymentPostprocessing = 0;
		};
		E975D6CC2B9437F600101607 /* Frameworks */ = {
			isa = PBXFrameworksBuildPhase;
			buildActionMask = 2147483647;
			files = (
			);
			runOnlyForDeploymentPostprocessing = 0;
		};
		E975D6D72B9437F600101607 /* Frameworks */ = {
			isa = PBXFrameworksBuildPhase;
			buildActionMask = 2147483647;
			files = (
			);
			runOnlyForDeploymentPostprocessing = 0;
		};
/* End PBXFrameworksBuildPhase section */

/* Begin PBXGroup section */
		E975D6B52B9437F200101607 = {
			isa = PBXGroup;
			children = (
				E975D6C02B9437F300101607 /* SwiftUIFramework */,
				E975D6D22B9437F600101607 /* SwiftUIFrameworkTests */,
				E975D6DD2B9437F600101607 /* SwiftUIFrameworkUITests */,
				E975D6BF2B9437F200101607 /* Products */,
			);
			sourceTree = "<group>";
		};
		E975D6BF2B9437F200101607 /* Products */ = {
			isa = PBXGroup;
			children = (
				E975D6BE2B9437F200101607 /* SwiftUIFramework.app */,
				E975D6CF2B9437F600101607 /* SwiftUIFrameworkTests.xctest */,
				E975D6DA2B9437F600101607 /* SwiftUIFrameworkUITests.xctest */,
			);
			name = Products;
			sourceTree = "<group>";
		};
		E975D6C02B9437F300101607 /* SwiftUIFramework */ = {
			isa = PBXGroup;
			children = (
				E975D6C12B9437F300101607 /* SwiftUIFrameworkApp.swift */,
				E975D6C32B9437F300101607 /* ContentView.swift */,
				E9BA9AAF2B96DEF700E793D9 /* ImageView.swift */,
				E975D6C52B9437F600101607 /* Assets.xcassets */,
				E975D6CA2B9437F600101607 /* Info.plist */,
				E975D6C72B9437F600101607 /* Preview Content */,
				E9EBD9122BA133E3002ED65C /* MainView.swift */,
				E9EBD9172BA134B2002ED65C /* MapView.swift */,
			);
			path = SwiftUIFramework;
			sourceTree = "<group>";
		};
		E975D6C72B9437F600101607 /* Preview Content */ = {
			isa = PBXGroup;
			children = (
				E975D6C82B9437F600101607 /* Preview Assets.xcassets */,
			);
			path = "Preview Content";
			sourceTree = "<group>";
		};
		E975D6D22B9437F600101607 /* SwiftUIFrameworkTests */ = {
			isa = PBXGroup;
			children = (
				E975D6D32B9437F600101607 /* SwiftUIFrameworkTests.swift */,
				E975D6D52B9437F600101607 /* Info.plist */,
			);
			path = SwiftUIFrameworkTests;
			sourceTree = "<group>";
		};
		E975D6DD2B9437F600101607 /* SwiftUIFrameworkUITests */ = {
			isa = PBXGroup;
			children = (
				E975D6DE2B9437F600101607 /* SwiftUIFrameworkUITests.swift */,
				E975D6E02B9437F600101607 /* Info.plist */,
			);
			path = SwiftUIFrameworkUITests;
			sourceTree = "<group>";
		};
/* End PBXGroup section */

/* Begin PBXNativeTarget section */
		E975D6BD2B9437F200101607 /* SwiftUIFramework */ = {
			isa = PBXNativeTarget;
			buildConfigurationList = E975D6E32B9437F600101607 /* Build configuration list for PBXNativeTarget "SwiftUIFramework" */;
			buildPhases = (
				E975D6BA2B9437F200101607 /* Sources */,
				E975D6BB2B9437F200101607 /* Frameworks */,
				E975D6BC2B9437F200101607 /* Resources */,
			);
			buildRules = (
			);
			dependencies = (
			);
			name = SwiftUIFramework;
			productName = SwiftUIFramework;
			productReference = E975D6BE2B9437F200101607 /* SwiftUIFramework.app */;
			productType = "com.apple.product-type.application";
		};
		E975D6CE2B9437F600101607 /* SwiftUIFrameworkTests */ = {
			isa = PBXNativeTarget;
			buildConfigurationList = E975D6E62B9437F600101607 /* Build configuration list for PBXNativeTarget "SwiftUIFrameworkTests" */;
			buildPhases = (
				E975D6CB2B9437F600101607 /* Sources */,
				E975D6CC2B9437F600101607 /* Frameworks */,
				E975D6CD2B9437F600101607 /* Resources */,
			);
			buildRules = (
			);
			dependencies = (
				E975D6D12B9437F600101607 /* PBXTargetDependency */,
			);
			name = SwiftUIFrameworkTests;
			productName = SwiftUIFrameworkTests;
			productReference = E975D6CF2B9437F600101607 /* SwiftUIFrameworkTests.xctest */;
			productType = "com.apple.product-type.bundle.unit-test";
		};
		E975D6D92B9437F600101607 /* SwiftUIFrameworkUITests */ = {
			isa = PBXNativeTarget;
			buildConfigurationList = E975D6E92B9437F600101607 /* Build configuration list for PBXNativeTarget "SwiftUIFrameworkUITests" */;
			buildPhases = (
				E975D6D62B9437F600101607 /* Sources */,
				E975D6D72B9437F600101607 /* Frameworks */,
				E975D6D82B9437F600101607 /* Resources */,
			);
			buildRules = (
			);
			dependencies = (
				E975D6DC2B9437F600101607 /* PBXTargetDependency */,
			);
			name = SwiftUIFrameworkUITests;
			productName = SwiftUIFrameworkUITests;
			productReference = E975D6DA2B9437F600101607 /* SwiftUIFrameworkUITests.xctest */;
			productType = "com.apple.product-type.bundle.ui-testing";
		};
/* End PBXNativeTarget section */

/* Begin PBXProject section */
		E975D6B62B9437F200101607 /* Project object */ = {
			isa = PBXProject;
			attributes = {
				LastSwiftUpdateCheck = 1200;
				LastUpgradeCheck = 1200;
				TargetAttributes = {
					E975D6BD2B9437F200101607 = {
						CreatedOnToolsVersion = 12.0;
					};
					E975D6CE2B9437F600101607 = {
						CreatedOnToolsVersion = 12.0;
						TestTargetID = E975D6BD2B9437F200101607;
					};
					E975D6D92B9437F600101607 = {
						CreatedOnToolsVersion = 12.0;
						TestTargetID = E975D6BD2B9437F200101607;
					};
				};
			};
			buildConfigurationList = E975D6B92B9437F200101607 /* Build configuration list for PBXProject "SwiftUIFramework" */;
			compatibilityVersion = "Xcode 9.3";
			developmentRegion = en;
			hasScannedForEncodings = 0;
			knownRegions = (
				en,
				Base,
			);
			mainGroup = E975D6B52B9437F200101607;
			productRefGroup = E975D6BF2B9437F200101607 /* Products */;
			projectDirPath = "";
			projectRoot = "";
			targets = (
				E975D6BD2B9437F200101607 /* SwiftUIFramework */,
				E975D6CE2B9437F600101607 /* SwiftUIFrameworkTests */,
				E975D6D92B9437F600101607 /* SwiftUIFrameworkUITests */,
			);
		};
/* End PBXProject section */

/* Begin PBXResourcesBuildPhase section */
		E975D6BC2B9437F200101607 /* Resources */ = {
			isa = PBXResourcesBuildPhase;
			buildActionMask = 2147483647;
			files = (
				E975D6C92B9437F600101607 /* Preview Assets.xcassets in Resources */,
				E975D6C62B9437F600101607 /* Assets.xcassets in Resources */,
			);
			runOnlyForDeploymentPostprocessing = 0;
		};
		E975D6CD2B9437F600101607 /* Resources */ = {
			isa = PBXResourcesBuildPhase;
			buildActionMask = 2147483647;
			files = (
			);
			runOnlyForDeploymentPostprocessing = 0;
		};
		E975D6D82B9437F600101607 /* Resources */ = {
			isa = PBXResourcesBuildPhase;
			buildActionMask = 2147483647;
			files = (
			);
			runOnlyForDeploymentPostprocessing = 0;
		};
/* End PBXResourcesBuildPhase section */

/* Begin PBXSourcesBuildPhase section */
		E975D6BA2B9437F200101607 /* Sources */ = {
			isa = PBXSourcesBuildPhase;
			buildActionMask = 2147483647;
			files = (
				E9BA9AB02B96DEF700E793D9 /* ImageView.swift in Sources */,
				E9EBD9182BA134B2002ED65C /* MapView.swift in Sources */,
				E975D6C42B9437F300101607 /* ContentView.swift in Sources */,
				E9EBD9132BA133E3002ED65C /* MainView.swift in Sources */,
				E975D6C22B9437F300101607 /* SwiftUIFrameworkApp.swift in Sources */,
			);
			runOnlyForDeploymentPostprocessing = 0;
		};
		E975D6CB2B9437F600101607 /* Sources */ = {
			isa = PBXSourcesBuildPhase;
			buildActionMask = 2147483647;
			files = (
				E975D6D42B9437F600101607 /* SwiftUIFrameworkTests.swift in Sources */,
			);
			runOnlyForDeploymentPostprocessing = 0;
		};
		E975D6D62B9437F600101607 /* Sources */ = {
			isa = PBXSourcesBuildPhase;
			buildActionMask = 2147483647;
			files = (
				E975D6DF2B9437F600101607 /* SwiftUIFrameworkUITests.swift in Sources */,
			);
			runOnlyForDeploymentPostprocessing = 0;
		};
/* End PBXSourcesBuildPhase section */

/* Begin PBXTargetDependency section */
		E975D6D12B9437F600101607 /* PBXTargetDependency */ = {
			isa = PBXTargetDependency;
			target = E975D6BD2B9437F200101607 /* SwiftUIFramework */;
			targetProxy = E975D6D02B9437F600101607 /* PBXContainerItemProxy */;
		};
		E975D6DC2B9437F600101607 /* PBXTargetDependency */ = {
			isa = PBXTargetDependency;
			target = E975D6BD2B9437F200101607 /* SwiftUIFramework */;
			targetProxy = E975D6DB2B9437F600101607 /* PBXContainerItemProxy */;
		};
/* End PBXTargetDependency section */

/* Begin XCBuildConfiguration section */
		E975D6E12B9437F600101607 /* Debug */ = {
			isa = XCBuildConfiguration;
			buildSettings = {
				ALWAYS_SEARCH_USER_PATHS = NO;
				CLANG_ANALYZER_NONNULL = YES;
				CLANG_ANALYZER_NUMBER_OBJECT_CONVERSION = YES_AGGRESSIVE;
				CLANG_CXX_LANGUAGE_STANDARD = "gnu++14";
				CLANG_CXX_LIBRARY = "libc++";
				CLANG_ENABLE_MODULES = YES;
				CLANG_ENABLE_OBJC_ARC = YES;
				CLANG_ENABLE_OBJC_WEAK = YES;
				CLANG_WARN_BLOCK_CAPTURE_AUTORELEASING = YES;
				CLANG_WARN_BOOL_CONVERSION = YES;
				CLANG_WARN_COMMA = YES;
				CLANG_WARN_CONSTANT_CONVERSION = YES;
				CLANG_WARN_DEPRECATED_OBJC_IMPLEMENTATIONS = YES;
				CLANG_WARN_DIRECT_OBJC_ISA_USAGE = YES_ERROR;
				CLANG_WARN_DOCUMENTATION_COMMENTS = YES;
				CLANG_WARN_EMPTY_BODY = YES;
				CLANG_WARN_ENUM_CONVERSION = YES;
				CLANG_WARN_INFINITE_RECURSION = YES;
				CLANG_WARN_INT_CONVERSION = YES;
				CLANG_WARN_NON_LITERAL_NULL_CONVERSION = YES;
				CLANG_WARN_OBJC_IMPLICIT_RETAIN_SELF = YES;
				CLANG_WARN_OBJC_LITERAL_CONVERSION = YES;
				CLANG_WARN_OBJC_ROOT_CLASS = YES_ERROR;
				CLANG_WARN_QUOTED_INCLUDE_IN_FRAMEWORK_HEADER = YES;
				CLANG_WARN_RANGE_LOOP_ANALYSIS = YES;
				CLANG_WARN_STRICT_PROTOTYPES = YES;
				CLANG_WARN_SUSPICIOUS_MOVE = YES;
				CLANG_WARN_UNGUARDED_AVAILABILITY = YES_AGGRESSIVE;
				CLANG_WARN_UNREACHABLE_CODE = YES;
				CLANG_WARN__DUPLICATE_METHOD_MATCH = YES;
				COPY_PHASE_STRIP = NO;
				DEBUG_INFORMATION_FORMAT = dwarf;
				ENABLE_STRICT_OBJC_MSGSEND = YES;
				ENABLE_TESTABILITY = YES;
				GCC_C_LANGUAGE_STANDARD = gnu11;
				GCC_DYNAMIC_NO_PIC = NO;
				GCC_NO_COMMON_BLOCKS = YES;
				GCC_OPTIMIZATION_LEVEL = 0;
				GCC_PREPROCESSOR_DEFINITIONS = (
					"DEBUG=1",
					"$(inherited)",
				);
				GCC_WARN_64_TO_32_BIT_CONVERSION = YES;
				GCC_WARN_ABOUT_RETURN_TYPE = YES_ERROR;
				GCC_WARN_UNDECLARED_SELECTOR = YES;
				GCC_WARN_UNINITIALIZED_AUTOS = YES_AGGRESSIVE;
				GCC_WARN_UNUSED_FUNCTION = YES;
				GCC_WARN_UNUSED_VARIABLE = YES;
				IPHONEOS_DEPLOYMENT_TARGET = 14.0;
				MTL_ENABLE_DEBUG_INFO = INCLUDE_SOURCE;
				MTL_FAST_MATH = YES;
				ONLY_ACTIVE_ARCH = YES;
				SDKROOT = iphoneos;
				SWIFT_ACTIVE_COMPILATION_CONDITIONS = DEBUG;
				SWIFT_OPTIMIZATION_LEVEL = "-Onone";
			};
			name = Debug;
		};
		E975D6E22B9437F600101607 /* Release */ = {
			isa = XCBuildConfiguration;
			buildSettings = {
				ALWAYS_SEARCH_USER_PATHS = NO;
				CLANG_ANALYZER_NONNULL = YES;
				CLANG_ANALYZER_NUMBER_OBJECT_CONVERSION = YES_AGGRESSIVE;
				CLANG_CXX_LANGUAGE_STANDARD = "gnu++14";
				CLANG_CXX_LIBRARY = "libc++";
				CLANG_ENABLE_MODULES = YES;
				CLANG_ENABLE_OBJC_ARC = YES;
				CLANG_ENABLE_OBJC_WEAK = YES;
				CLANG_WARN_BLOCK_CAPTURE_AUTORELEASING = YES;
				CLANG_WARN_BOOL_CONVERSION = YES;
				CLANG_WARN_COMMA = YES;
				CLANG_WARN_CONSTANT_CONVERSION = YES;
				CLANG_WARN_DEPRECATED_OBJC_IMPLEMENTATIONS = YES;
				CLANG_WARN_DIRECT_OBJC_ISA_USAGE = YES_ERROR;
				CLANG_WARN_DOCUMENTATION_COMMENTS = YES;
				CLANG_WARN_EMPTY_BODY = YES;
				CLANG_WARN_ENUM_CONVERSION = YES;
				CLANG_WARN_INFINITE_RECURSION = YES;
				CLANG_WARN_INT_CONVERSION = YES;
				CLANG_WARN_NON_LITERAL_NULL_CONVERSION = YES;
				CLANG_WARN_OBJC_IMPLICIT_RETAIN_SELF = YES;
				CLANG_WARN_OBJC_LITERAL_CONVERSION = YES;
				CLANG_WARN_OBJC_ROOT_CLASS = YES_ERROR;
				CLANG_WARN_QUOTED_INCLUDE_IN_FRAMEWORK_HEADER = YES;
				CLANG_WARN_RANGE_LOOP_ANALYSIS = YES;
				CLANG_WARN_STRICT_PROTOTYPES = YES;
				CLANG_WARN_SUSPICIOUS_MOVE = YES;
				CLANG_WARN_UNGUARDED_AVAILABILITY = YES_AGGRESSIVE;
				CLANG_WARN_UNREACHABLE_CODE = YES;
				CLANG_WARN__DUPLICATE_METHOD_MATCH = YES;
				COPY_PHASE_STRIP = NO;
				DEBUG_INFORMATION_FORMAT = "dwarf-with-dsym";
				ENABLE_NS_ASSERTIONS = NO;
				ENABLE_STRICT_OBJC_MSGSEND = YES;
				GCC_C_LANGUAGE_STANDARD = gnu11;
				GCC_NO_COMMON_BLOCKS = YES;
				GCC_WARN_64_TO_32_BIT_CONVERSION = YES;
				GCC_WARN_ABOUT_RETURN_TYPE = YES_ERROR;
				GCC_WARN_UNDECLARED_SELECTOR = YES;
				GCC_WARN_UNINITIALIZED_AUTOS = YES_AGGRESSIVE;
				GCC_WARN_UNUSED_FUNCTION = YES;
				GCC_WARN_UNUSED_VARIABLE = YES;
				IPHONEOS_DEPLOYMENT_TARGET = 14.0;
				MTL_ENABLE_DEBUG_INFO = NO;
				MTL_FAST_MATH = YES;
				SDKROOT = iphoneos;
				SWIFT_COMPILATION_MODE = wholemodule;
				SWIFT_OPTIMIZATION_LEVEL = "-O";
				VALIDATE_PRODUCT = YES;
			};
			name = Release;
		};
		E975D6E42B9437F600101607 /* Debug */ = {
			isa = XCBuildConfiguration;
			buildSettings = {
				ASSETCATALOG_COMPILER_APPICON_NAME = AppIcon;
				ASSETCATALOG_COMPILER_GLOBAL_ACCENT_COLOR_NAME = AccentColor;
				CODE_SIGN_STYLE = Automatic;
				DEVELOPMENT_ASSET_PATHS = "\"SwiftUIFramework/Preview Content\"";
				ENABLE_PREVIEWS = YES;
				INFOPLIST_FILE = SwiftUIFramework/Info.plist;
				IPHONEOS_DEPLOYMENT_TARGET = 14.0;
				LD_RUNPATH_SEARCH_PATHS = (
					"$(inherited)",
					"@executable_path/Frameworks",
				);
				PRODUCT_BUNDLE_IDENTIFIER = com.fernandocuatro.SwiftUIFramework;
				PRODUCT_NAME = "$(TARGET_NAME)";
				SWIFT_VERSION = 5.0;
				TARGETED_DEVICE_FAMILY = "1,2";
			};
			name = Debug;
		};
		E975D6E52B9437F600101607 /* Release */ = {
			isa = XCBuildConfiguration;
			buildSettings = {
				ASSETCATALOG_COMPILER_APPICON_NAME = AppIcon;
				ASSETCATALOG_COMPILER_GLOBAL_ACCENT_COLOR_NAME = AccentColor;
				CODE_SIGN_STYLE = Automatic;
				DEVELOPMENT_ASSET_PATHS = "\"SwiftUIFramework/Preview Content\"";
				ENABLE_PREVIEWS = YES;
				INFOPLIST_FILE = SwiftUIFramework/Info.plist;
				IPHONEOS_DEPLOYMENT_TARGET = 14.0;
				LD_RUNPATH_SEARCH_PATHS = (
					"$(inherited)",
					"@executable_path/Frameworks",
				);
				PRODUCT_BUNDLE_IDENTIFIER = com.fernandocuatro.SwiftUIFramework;
				PRODUCT_NAME = "$(TARGET_NAME)";
				SWIFT_VERSION = 5.0;
				TARGETED_DEVICE_FAMILY = "1,2";
			};
			name = Release;
		};
		E975D6E72B9437F600101607 /* Debug */ = {
			isa = XCBuildConfiguration;
			buildSettings = {
				ALWAYS_EMBED_SWIFT_STANDARD_LIBRARIES = YES;
				BUNDLE_LOADER = "$(TEST_HOST)";
				CODE_SIGN_STYLE = Automatic;
				INFOPLIST_FILE = SwiftUIFrameworkTests/Info.plist;
				IPHONEOS_DEPLOYMENT_TARGET = 14.0;
				LD_RUNPATH_SEARCH_PATHS = (
					"$(inherited)",
					"@executable_path/Frameworks",
					"@loader_path/Frameworks",
				);
				PRODUCT_BUNDLE_IDENTIFIER = com.fernandocuatro.SwiftUIFrameworkTests;
				PRODUCT_NAME = "$(TARGET_NAME)";
				SWIFT_VERSION = 5.0;
				TARGETED_DEVICE_FAMILY = "1,2";
				TEST_HOST = "$(BUILT_PRODUCTS_DIR)/SwiftUIFramework.app/SwiftUIFramework";
			};
			name = Debug;
		};
		E975D6E82B9437F600101607 /* Release */ = {
			isa = XCBuildConfiguration;
			buildSettings = {
				ALWAYS_EMBED_SWIFT_STANDARD_LIBRARIES = YES;
				BUNDLE_LOADER = "$(TEST_HOST)";
				CODE_SIGN_STYLE = Automatic;
				INFOPLIST_FILE = SwiftUIFrameworkTests/Info.plist;
				IPHONEOS_DEPLOYMENT_TARGET = 14.0;
				LD_RUNPATH_SEARCH_PATHS = (
					"$(inherited)",
					"@executable_path/Frameworks",
					"@loader_path/Frameworks",
				);
				PRODUCT_BUNDLE_IDENTIFIER = com.fernandocuatro.SwiftUIFrameworkTests;
				PRODUCT_NAME = "$(TARGET_NAME)";
				SWIFT_VERSION = 5.0;
				TARGETED_DEVICE_FAMILY = "1,2";
				TEST_HOST = "$(BUILT_PRODUCTS_DIR)/SwiftUIFramework.app/SwiftUIFramework";
			};
			name = Release;
		};
		E975D6EA2B9437F600101607 /* Debug */ = {
			isa = XCBuildConfiguration;
			buildSettings = {
				ALWAYS_EMBED_SWIFT_STANDARD_LIBRARIES = YES;
				CODE_SIGN_STYLE = Automatic;
				INFOPLIST_FILE = SwiftUIFrameworkUITests/Info.plist;
				LD_RUNPATH_SEARCH_PATHS = (
					"$(inherited)",
					"@executable_path/Frameworks",
					"@loader_path/Frameworks",
				);
				PRODUCT_BUNDLE_IDENTIFIER = com.fernandocuatro.SwiftUIFrameworkUITests;
				PRODUCT_NAME = "$(TARGET_NAME)";
				SWIFT_VERSION = 5.0;
				TARGETED_DEVICE_FAMILY = "1,2";
				TEST_TARGET_NAME = SwiftUIFramework;
			};
			name = Debug;
		};
		E975D6EB2B9437F600101607 /* Release */ = {
			isa = XCBuildConfiguration;
			buildSettings = {
				ALWAYS_EMBED_SWIFT_STANDARD_LIBRARIES = YES;
				CODE_SIGN_STYLE = Automatic;
				INFOPLIST_FILE = SwiftUIFrameworkUITests/Info.plist;
				LD_RUNPATH_SEARCH_PATHS = (
					"$(inherited)",
					"@executable_path/Frameworks",
					"@loader_path/Frameworks",
				);
				PRODUCT_BUNDLE_IDENTIFIER = com.fernandocuatro.SwiftUIFrameworkUITests;
				PRODUCT_NAME = "$(TARGET_NAME)";
				SWIFT_VERSION = 5.0;
				TARGETED_DEVICE_FAMILY = "1,2";
				TEST_TARGET_NAME = SwiftUIFramework;
			};
			name = Release;
		};
/* End XCBuildConfiguration section */

/* Begin XCConfigurationList section */
		E975D6B92B9437F200101607 /* Build configuration list for PBXProject "SwiftUIFramework" */ = {
			isa = XCConfigurationList;
			buildConfigurations = (
				E975D6E12B9437F600101607 /* Debug */,
				E975D6E22B9437F600101607 /* Release */,
			);
			defaultConfigurationIsVisible = 0;
			defaultConfigurationName = Release;
		};
		E975D6E32B9437F600101607 /* Build configuration list for PBXNativeTarget "SwiftUIFramework" */ = {
			isa = XCConfigurationList;
			buildConfigurations = (
				E975D6E42B9437F600101607 /* Debug */,
				E975D6E52B9437F600101607 /* Release */,
			);
			defaultConfigurationIsVisible = 0;
			defaultConfigurationName = Release;
		};
		E975D6E62B9437F600101607 /* Build configuration list for PBXNativeTarget "SwiftUIFrameworkTests" */ = {
			isa = XCConfigurationList;
			buildConfigurations = (
				E975D6E72B9437F600101607 /* Debug */,
				E975D6E82B9437F600101607 /* Release */,
			);
			defaultConfigurationIsVisible = 0;
			defaultConfigurationName = Release;
		};
		E975D6E92B9437F600101607 /* Build configuration list for PBXNativeTarget "SwiftUIFrameworkUITests" */ = {
			isa = XCConfigurationList;
			buildConfigurations = (
				E975D6EA2B9437F600101607 /* Debug */,
				E975D6EB2B9437F600101607 /* Release */,
			);
			defaultConfigurationIsVisible = 0;
			defaultConfigurationName = Release;
		};
/* End XCConfigurationList section */
	};
	rootObject = E975D6B62B9437F200101607 /* Project object */;
}
